
Microsoft Visual Studio Solution File, Format Version 12.00
# Visual Studio Version 16
VisualStudioVersion = 16.0.31624.102
MinimumVisualStudioVersion = 10.0.40219.1
Project("{FAE04EC0-301F-11D3-BF4B-00C04F79EFBC}") = "DisconnectedAss11", "DisconnectedAss11.csproj", "{0FD11E69-8032-4962-B4E1-07B51CCE55A4}"
EndProject
Project("{FAE04EC0-301F-11D3-BF4B-00C04F79EFBC}") = "ConnectedAss12", "..\ConnectedAss12\ConnectedAss12.csproj", "{710233B3-D370-4C0B-8739-4866C4E0FE31}"
EndProject
Project("{FAE04EC0-301F-11D3-BF4B-00C04F79EFBC}") = "ConectArchi", "..\ConectArchi\ConectArchi.csproj", "{9DA356B7-06D4-4C35-A50E-AAA25817FB6F}"
EndProject
Global
	GlobalSection(SolutionConfigurationPlatforms) = preSolution
		Debug|Any CPU = Debug|Any CPU
		Release|Any CPU = Release|Any CPU
	EndGlobalSection
	GlobalSection(ProjectConfigurationPlatforms) = postSolution
		{0FD11E69-8032-4962-B4E1-07B51CCE55A4}.Debug|Any CPU.ActiveCfg = Debug|Any CPU
		{0FD11E69-8032-4962-B4E1-07B51CCE55A4}.Debug|Any CPU.Build.0 = Debug|Any CPU
		{0FD11E69-8032-4962-B4E1-07B51CCE55A4}.Release|Any CPU.ActiveCfg = Release|Any CPU
		{0FD11E69-8032-4962-B4E1-07B51CCE55A4}.Release|Any CPU.Build.0 = Release|Any CPU
		{710233B3-D370-4C0B-8739-4866C4E0FE31}.Debug|Any CPU.ActiveCfg = Debug|Any CPU
		{710233B3-D370-4C0B-8739-4866C4E0FE31}.Debug|Any CPU.Build.0 = Debug|Any CPU
		{710233B3-D370-4C0B-8739-4866C4E0FE31}.Release|Any CPU.ActiveCfg = Release|Any CPU
		{710233B3-D370-4C0B-8739-4866C4E0FE31}.Release|Any CPU.Build.0 = Release|Any CPU
		{9DA356B7-06D4-4C35-A50E-AAA25817FB6F}.Debug|Any CPU.ActiveCfg = Debug|Any CPU
		{9DA356B7-06D4-4C35-A50E-AAA25817FB6F}.Debug|Any CPU.Build.0 = Debug|Any CPU
		{9DA356B7-06D4-4C35-A50E-AAA25817FB6F}.Release|Any CPU.ActiveCfg = Release|Any CPU
		{9DA356B7-06D4-4C35-A50E-AAA25817FB6F}.Release|Any CPU.Build.0 = Release|Any CPU
	EndGlobalSection
	GlobalSection(SolutionProperties) = preSolution
		HideSolutionNode = FALSE
	EndGlobalSection
	GlobalSection(ExtensibilityGlobals) = postSolution
		SolutionGuid = {E1194D2B-F50B-455E-A26D-87494E9031A6}
	EndGlobalSection
EndGlobal
